
Microsoft Visual Studio Solution File, Format Version 12.00
# Visual Studio Version 16
VisualStudioVersion = 16.0.30804.86
MinimumVisualStudioVersion = 10.0.40219.1
Project("{FAE04EC0-301F-11D3-BF4B-00C04F79EFBC}") = "workshopLua", "workshopLua\workshopLua.csproj", "{F5DA6263-38D2-498B-8751-ABD219B5CD4E}"
EndProject
Project("{FAE04EC0-301F-11D3-BF4B-00C04F79EFBC}") = "workshopLua2", "workshopLua2\workshopLua2.csproj", "{91612871-8B2A-411F-A41E-098152C0E0E6}"
EndProject
Global
	GlobalSection(SolutionConfigurationPlatforms) = preSolution
		Debug|Any CPU = Debug|Any CPU
		Release|Any CPU = Release|Any CPU
	EndGlobalSection
	GlobalSection(ProjectConfigurationPlatforms) = postSolution
		{F5DA6263-38D2-498B-8751-ABD219B5CD4E}.Debug|Any CPU.ActiveCfg = Debug|Any CPU
		{F5DA6263-38D2-498B-8751-ABD219B5CD4E}.Debug|Any CPU.Build.0 = Debug|Any CPU
		{F5DA6263-38D2-498B-8751-ABD219B5CD4E}.Release|Any CPU.ActiveCfg = Release|Any CPU
		{F5DA6263-38D2-498B-8751-ABD219B5CD4E}.Release|Any CPU.Build.0 = Release|Any CPU
		{91612871-8B2A-411F-A41E-098152C0E0E6}.Debug|Any CPU.ActiveCfg = Debug|Any CPU
		{91612871-8B2A-411F-A41E-098152C0E0E6}.Debug|Any CPU.Build.0 = Debug|Any CPU
		{91612871-8B2A-411F-A41E-098152C0E0E6}.Release|Any CPU.ActiveCfg = Release|Any CPU
		{91612871-8B2A-411F-A41E-098152C0E0E6}.Release|Any CPU.Build.0 = Release|Any CPU
	EndGlobalSection
	GlobalSection(SolutionProperties) = preSolution
		HideSolutionNode = FALSE
	EndGlobalSection
	GlobalSection(ExtensibilityGlobals) = postSolution
		SolutionGuid = {7873C2F9-F4EA-4DA2-9E72-9D49ACE29B46}
	EndGlobalSection
EndGlobal
